
Microsoft Visual Studio Solution File, Format Version 12.00
# Visual Studio Version 17
VisualStudioVersion = 17.0.32112.339
MinimumVisualStudioVersion = 10.0.40219.1
Project("{9A19103F-16F7-4668-BE54-9A1E7A4F7556}") = "Lesson1", "Lesson1\Lesson1.csproj", "{ED1F9F7A-C1A4-4843-845A-222F3F677C63}"
EndProject
Global
	GlobalSection(SolutionConfigurationPlatforms) = preSolution
		Debug|Any CPU = Debug|Any CPU
		Release|Any CPU = Release|Any CPU
	EndGlobalSection
	GlobalSection(ProjectConfigurationPlatforms) = postSolution
		{ED1F9F7A-C1A4-4843-845A-222F3F677C63}.Debug|Any CPU.ActiveCfg = Debug|Any CPU
		{ED1F9F7A-C1A4-4843-845A-222F3F677C63}.Debug|Any CPU.Build.0 = Debug|Any CPU
		{ED1F9F7A-C1A4-4843-845A-222F3F677C63}.Release|Any CPU.ActiveCfg = Release|Any CPU
		{ED1F9F7A-C1A4-4843-845A-222F3F677C63}.Release|Any CPU.Build.0 = Release|Any CPU
	EndGlobalSection
	GlobalSection(SolutionProperties) = preSolution
		HideSolutionNode = FALSE
	EndGlobalSection
	GlobalSection(ExtensibilityGlobals) = postSolution
		SolutionGuid = {AA3C7951-8C18-47DF-BCE4-646BF692AE7A}
	EndGlobalSection
EndGlobal
